
Microsoft Visual Studio Solution File, Format Version 12.00
# Visual Studio Version 16
VisualStudioVersion = 16.0.31624.102
MinimumVisualStudioVersion = 10.0.40219.1
Project("{9A19103F-16F7-4668-BE54-9A1E7A4F7556}") = "RestApiLesson", "RestApiLesson\RestApiLesson.csproj", "{CE12A35C-7A35-4367-9AD7-9CACCC047618}"
EndProject
Project("{FAE04EC0-301F-11D3-BF4B-00C04F79EFBC}") = "RestApiLesson.Tests", "RestApiLesson.Tests\RestApiLesson.Tests.csproj", "{94E5F6D1-3028-4856-9C89-A2C16641E6C7}"
EndProject
Global
	GlobalSection(SolutionConfigurationPlatforms) = preSolution
		Debug|Any CPU = Debug|Any CPU
		Release|Any CPU = Release|Any CPU
	EndGlobalSection
	GlobalSection(ProjectConfigurationPlatforms) = postSolution
		{CE12A35C-7A35-4367-9AD7-9CACCC047618}.Debug|Any CPU.ActiveCfg = Debug|Any CPU
		{CE12A35C-7A35-4367-9AD7-9CACCC047618}.Debug|Any CPU.Build.0 = Debug|Any CPU
		{CE12A35C-7A35-4367-9AD7-9CACCC047618}.Release|Any CPU.ActiveCfg = Release|Any CPU
		{CE12A35C-7A35-4367-9AD7-9CACCC047618}.Release|Any CPU.Build.0 = Release|Any CPU
		{94E5F6D1-3028-4856-9C89-A2C16641E6C7}.Debug|Any CPU.ActiveCfg = Debug|Any CPU
		{94E5F6D1-3028-4856-9C89-A2C16641E6C7}.Debug|Any CPU.Build.0 = Debug|Any CPU
		{94E5F6D1-3028-4856-9C89-A2C16641E6C7}.Release|Any CPU.ActiveCfg = Release|Any CPU
		{94E5F6D1-3028-4856-9C89-A2C16641E6C7}.Release|Any CPU.Build.0 = Release|Any CPU
	EndGlobalSection
	GlobalSection(SolutionProperties) = preSolution
		HideSolutionNode = FALSE
	EndGlobalSection
	GlobalSection(ExtensibilityGlobals) = postSolution
		SolutionGuid = {97CF2031-BFAC-4825-A209-013BC51386E5}
	EndGlobalSection
EndGlobal
